
Microsoft Visual Studio Solution File, Format Version 12.00
# Visual Studio Version 16
VisualStudioVersion = 16.0.32802.440
MinimumVisualStudioVersion = 10.0.40219.1
Project("{FAE04EC0-301F-11D3-BF4B-00C04F79EFBC}") = "Carrito_Web", "Carrito_Web\Carrito_Web.csproj", "{11EC84FD-39D7-4029-BCB2-BDC7926489E3}"
EndProject
Project("{FAE04EC0-301F-11D3-BF4B-00C04F79EFBC}") = "Dominio", "Dominio\Dominio.csproj", "{27806670-DAE0-4856-9ACF-1E05A48E263F}"
EndProject
Project("{FAE04EC0-301F-11D3-BF4B-00C04F79EFBC}") = "Negocio", "Negocio\Negocio.csproj", "{7D28F0FA-36B9-44A6-92BF-24954A704A8F}"
EndProject
Global
	GlobalSection(SolutionConfigurationPlatforms) = preSolution
		Debug|Any CPU = Debug|Any CPU
		Release|Any CPU = Release|Any CPU
	EndGlobalSection
	GlobalSection(ProjectConfigurationPlatforms) = postSolution
		{11EC84FD-39D7-4029-BCB2-BDC7926489E3}.Debug|Any CPU.ActiveCfg = Debug|Any CPU
		{11EC84FD-39D7-4029-BCB2-BDC7926489E3}.Debug|Any CPU.Build.0 = Debug|Any CPU
		{11EC84FD-39D7-4029-BCB2-BDC7926489E3}.Release|Any CPU.ActiveCfg = Release|Any CPU
		{11EC84FD-39D7-4029-BCB2-BDC7926489E3}.Release|Any CPU.Build.0 = Release|Any CPU
		{27806670-DAE0-4856-9ACF-1E05A48E263F}.Debug|Any CPU.ActiveCfg = Debug|Any CPU
		{27806670-DAE0-4856-9ACF-1E05A48E263F}.Debug|Any CPU.Build.0 = Debug|Any CPU
		{27806670-DAE0-4856-9ACF-1E05A48E263F}.Release|Any CPU.ActiveCfg = Release|Any CPU
		{27806670-DAE0-4856-9ACF-1E05A48E263F}.Release|Any CPU.Build.0 = Release|Any CPU
		{7D28F0FA-36B9-44A6-92BF-24954A704A8F}.Debug|Any CPU.ActiveCfg = Debug|Any CPU
		{7D28F0FA-36B9-44A6-92BF-24954A704A8F}.Debug|Any CPU.Build.0 = Debug|Any CPU
		{7D28F0FA-36B9-44A6-92BF-24954A704A8F}.Release|Any CPU.ActiveCfg = Release|Any CPU
		{7D28F0FA-36B9-44A6-92BF-24954A704A8F}.Release|Any CPU.Build.0 = Release|Any CPU
	EndGlobalSection
	GlobalSection(SolutionProperties) = preSolution
		HideSolutionNode = FALSE
	EndGlobalSection
	GlobalSection(ExtensibilityGlobals) = postSolution
		SolutionGuid = {0CC0A2CE-DDFC-4224-BD50-C6325A755675}
	EndGlobalSection
EndGlobal
